
Microsoft Visual Studio Solution File, Format Version 12.00
# Visual Studio Version 17
VisualStudioVersion = 17.0.32002.185
MinimumVisualStudioVersion = 10.0.40219.1
Project("{9A19103F-16F7-4668-BE54-9A1E7A4F7556}") = "KassenSystem", "KassenSystem\KassenSystem.csproj", "{B5372837-1362-4095-99BA-DED9BAD818C7}"
EndProject
Project("{9A19103F-16F7-4668-BE54-9A1E7A4F7556}") = "BankServer", "FostDevices-master\BankServer\BankServer.csproj", "{D04EB21B-B664-4473-94EB-47D8EDDCE2D3}"
EndProject
Project("{9A19103F-16F7-4668-BE54-9A1E7A4F7556}") = "Terminal", "FostDevices-master\Terminal\Terminal.csproj", "{22375976-C297-4C1D-854D-6DC0CBE40C9E}"
EndProject
Project("{9A19103F-16F7-4668-BE54-9A1E7A4F7556}") = "TestConsole", "FostDevices-master\TestConsole\TestConsole.csproj", "{47078C8F-C389-4847-A6CA-CBD83F7AFC1E}"
EndProject
Project("{9A19103F-16F7-4668-BE54-9A1E7A4F7556}") = "StoreServer", "StoreServer\StoreServer.csproj", "{E4EDE03B-8903-4323-AB4B-701144EFA6D9}"
EndProject
Project("{9A19103F-16F7-4668-BE54-9A1E7A4F7556}") = "EnterpriseServer", "EnterpriseServer\EnterpriseServer.csproj", "{150445FF-2EA4-4CD5-89F6-3F798133A4EC}"
EndProject
Project("{9A19103F-16F7-4668-BE54-9A1E7A4F7556}") = "KassenSystemApp", "KassenSystemApp\KassenSystemApp.csproj", "{A0152ABF-C9CE-41C4-8433-A1B11B51E499}"
EndProject
Global
	GlobalSection(SolutionConfigurationPlatforms) = preSolution
		Debug|Any CPU = Debug|Any CPU
		Release|Any CPU = Release|Any CPU
	EndGlobalSection
	GlobalSection(ProjectConfigurationPlatforms) = postSolution
		{B5372837-1362-4095-99BA-DED9BAD818C7}.Debug|Any CPU.ActiveCfg = Debug|Any CPU
		{B5372837-1362-4095-99BA-DED9BAD818C7}.Debug|Any CPU.Build.0 = Debug|Any CPU
		{B5372837-1362-4095-99BA-DED9BAD818C7}.Release|Any CPU.ActiveCfg = Release|Any CPU
		{B5372837-1362-4095-99BA-DED9BAD818C7}.Release|Any CPU.Build.0 = Release|Any CPU
		{D04EB21B-B664-4473-94EB-47D8EDDCE2D3}.Debug|Any CPU.ActiveCfg = Debug|Any CPU
		{D04EB21B-B664-4473-94EB-47D8EDDCE2D3}.Debug|Any CPU.Build.0 = Debug|Any CPU
		{D04EB21B-B664-4473-94EB-47D8EDDCE2D3}.Release|Any CPU.ActiveCfg = Release|Any CPU
		{D04EB21B-B664-4473-94EB-47D8EDDCE2D3}.Release|Any CPU.Build.0 = Release|Any CPU
		{22375976-C297-4C1D-854D-6DC0CBE40C9E}.Debug|Any CPU.ActiveCfg = Debug|Any CPU
		{22375976-C297-4C1D-854D-6DC0CBE40C9E}.Debug|Any CPU.Build.0 = Debug|Any CPU
		{22375976-C297-4C1D-854D-6DC0CBE40C9E}.Release|Any CPU.ActiveCfg = Release|Any CPU
		{22375976-C297-4C1D-854D-6DC0CBE40C9E}.Release|Any CPU.Build.0 = Release|Any CPU
		{47078C8F-C389-4847-A6CA-CBD83F7AFC1E}.Debug|Any CPU.ActiveCfg = Debug|Any CPU
		{47078C8F-C389-4847-A6CA-CBD83F7AFC1E}.Debug|Any CPU.Build.0 = Debug|Any CPU
		{47078C8F-C389-4847-A6CA-CBD83F7AFC1E}.Release|Any CPU.ActiveCfg = Release|Any CPU
		{47078C8F-C389-4847-A6CA-CBD83F7AFC1E}.Release|Any CPU.Build.0 = Release|Any CPU
		{E4EDE03B-8903-4323-AB4B-701144EFA6D9}.Debug|Any CPU.ActiveCfg = Debug|Any CPU
		{E4EDE03B-8903-4323-AB4B-701144EFA6D9}.Debug|Any CPU.Build.0 = Debug|Any CPU
		{E4EDE03B-8903-4323-AB4B-701144EFA6D9}.Release|Any CPU.ActiveCfg = Release|Any CPU
		{E4EDE03B-8903-4323-AB4B-701144EFA6D9}.Release|Any CPU.Build.0 = Release|Any CPU
		{150445FF-2EA4-4CD5-89F6-3F798133A4EC}.Debug|Any CPU.ActiveCfg = Debug|Any CPU
		{150445FF-2EA4-4CD5-89F6-3F798133A4EC}.Debug|Any CPU.Build.0 = Debug|Any CPU
		{150445FF-2EA4-4CD5-89F6-3F798133A4EC}.Release|Any CPU.ActiveCfg = Release|Any CPU
		{150445FF-2EA4-4CD5-89F6-3F798133A4EC}.Release|Any CPU.Build.0 = Release|Any CPU
		{A0152ABF-C9CE-41C4-8433-A1B11B51E499}.Debug|Any CPU.ActiveCfg = Debug|Any CPU
		{A0152ABF-C9CE-41C4-8433-A1B11B51E499}.Debug|Any CPU.Build.0 = Debug|Any CPU
		{A0152ABF-C9CE-41C4-8433-A1B11B51E499}.Release|Any CPU.ActiveCfg = Release|Any CPU
		{A0152ABF-C9CE-41C4-8433-A1B11B51E499}.Release|Any CPU.Build.0 = Release|Any CPU
	EndGlobalSection
	GlobalSection(SolutionProperties) = preSolution
		HideSolutionNode = FALSE
	EndGlobalSection
	GlobalSection(ExtensibilityGlobals) = postSolution
		SolutionGuid = {48B901E9-F268-434E-8D47-B5DB7E32EE58}
	EndGlobalSection
EndGlobal
